# This file is automatically @generated by Poetry 2.1.0 and should not be changed by hand.

[[package]]
name = "simplefix"
version = "1.0.17"
description = "Simple FIX Protocol implementation for Python"
optional = false
python-versions = "*"
groups = ["main"]
files = [
    {file = "simplefix-1.0.17-py2.py3-none-any.whl", hash = "sha256:da15798755447b9719f8688ca4cc29ee20c6d94d3227f22f60e04dcf347a2c68"},
    {file = "simplefix-1.0.17.tar.gz", hash = "sha256:d7f86666f508b11a8839d26ad66d63eaa5e53e6d0d4e23f5ef065feead60e658"},
]

[metadata]
lock-version = "2.1"
python-versions = "^3.8"
content-hash = "b66528d9e18e07a588b8ca13d086563231cfed1711ffdba6e6c82809aae2b028"
